<?xml version="1.0" encoding="utf-8"?>
<Project ToolsVersion="4.0" xmlns="http://schemas.microsoft.com/developer/msbuild/2003">
  <ItemGroup>
    <Filter Include="资源文件">
      <UniqueIdentifier>{67DA6AB6-F800-4c08-8B7A-83BB121AAD01}</UniqueIdentifier>
      <Extensions>rc;ico;cur;bmp;dlg;rc2;rct;bin;rgs;gif;jpg;jpeg;jpe;resx;tiff;tif;png;wav;mfcribbon-ms</Extensions>
    </Filter>
    <Filter Include="public">
      <UniqueIdentifier>{7d298cca-8e9a-49e9-962c-a59a301fe6de}</UniqueIdentifier>
    </Filter>
    <Filter Include="private">
      <UniqueIdentifier>{fbc255fc-8c27-4441-8882-c173b29259d6}</UniqueIdentifier>
    </Filter>
    <Filter Include="public\Thread">
      <UniqueIdentifier>{9d9459b9-369d-4a64-beb9-55f8f3a71649}</UniqueIdentifier>
    </Filter>
    <Filter Include="private\Thread">
      <UniqueIdentifier>{c2c1a701-2f63-4755-9bd3-a264f7d3eaea}</UniqueIdentifier>
    </Filter>
  </ItemGroup>
  <ItemGroup>
    <ClCompile Include="Main.cpp" />
  </ItemGroup>
  <ItemGroup>
    <ClInclude Include="ThreadManager.h">
      <Filter>public\Thread</Filter>
    </ClInclude>
    <ClInclude Include="ThreadPool.h">
      <Filter>public\Thread</Filter>
    </ClInclude>
    <ClInclude Include="CriticalSection.h">
      <Filter>public\Thread</Filter>
    </ClInclude>
  </ItemGroup>
</Project>