<?xml version="1.0" encoding="utf-8"?>
<Project ToolsVersion="4.0" xmlns="http://schemas.microsoft.com/developer/msbuild/2003">
  <ItemGroup>
    <Filter Include="源文件">
      <UniqueIdentifier>{4FC737F1-C7A5-4376-A066-2A32D752A2FF}</UniqueIdentifier>
      <Extensions>cpp;c;cc;cxx;def;odl;idl;hpj;bat;asm;asmx</Extensions>
    </Filter>
    <Filter Include="头文件">
      <UniqueIdentifier>{93995380-89BD-4b04-88EB-625FBE52EBFB}</UniqueIdentifier>
      <Extensions>h;hh;hpp;hxx;hm;inl;inc;xsd</Extensions>
    </Filter>
    <Filter Include="资源文件">
      <UniqueIdentifier>{67DA6AB6-F800-4c08-8B7A-83BB121AAD01}</UniqueIdentifier>
      <Extensions>rc;ico;cur;bmp;dlg;rc2;rct;bin;rgs;gif;jpg;jpeg;jpe;resx;tiff;tif;png;wav;mfcribbon-ms</Extensions>
    </Filter>
    <Filter Include="TaskGraph">
      <UniqueIdentifier>{d287700e-1b80-44a3-9a63-2a31ade98215}</UniqueIdentifier>
    </Filter>
    <Filter Include="Thread">
      <UniqueIdentifier>{af4a4db5-a203-4730-ae9e-05825451b851}</UniqueIdentifier>
    </Filter>
    <Filter Include="HAL">
      <UniqueIdentifier>{69a16c57-9d67-4ab9-925a-d1efa8f01659}</UniqueIdentifier>
    </Filter>
    <Filter Include="HAL\Windows">
      <UniqueIdentifier>{f83bcdd8-a43f-4140-9fcf-bc6ece409263}</UniqueIdentifier>
    </Filter>
    <Filter Include="Misc">
      <UniqueIdentifier>{51740049-e7bd-4017-a28a-712b85aad9f4}</UniqueIdentifier>
    </Filter>
  </ItemGroup>
  <ItemGroup>
    <ClCompile Include="Main.cpp">
      <Filter>源文件</Filter>
    </ClCompile>
    <ClCompile Include="Thread\QueueThreadPool.cpp">
      <Filter>Thread</Filter>
    </ClCompile>
    <ClCompile Include="Thread\ThreadBase.cpp">
      <Filter>Thread</Filter>
    </ClCompile>
    <ClCompile Include="HAL\WindowsPlatformProcess.cpp">
      <Filter>HAL\Windows</Filter>
    </ClCompile>
  </ItemGroup>
  <ItemGroup>
    <ClInclude Include="TaskGraph\ITaskGraph.h">
      <Filter>TaskGraph</Filter>
    </ClInclude>
    <ClInclude Include="TaskGraph\TaskGraphTypes.h">
      <Filter>TaskGraph</Filter>
    </ClInclude>
    <ClInclude Include="Thread\QueuedThreadPool.h">
      <Filter>Thread</Filter>
    </ClInclude>
    <ClInclude Include="Thread\ThreadUtility.h">
      <Filter>Thread</Filter>
    </ClInclude>
    <ClInclude Include="HAL\WindowsCriticalSection.h">
      <Filter>HAL\Windows</Filter>
    </ClInclude>
    <ClInclude Include="HAL\HAL.h">
      <Filter>HAL</Filter>
    </ClInclude>
    <ClInclude Include="Thread\FScopeLock.h">
      <Filter>Thread</Filter>
    </ClInclude>
    <ClInclude Include="Thread\Runnable.h">
      <Filter>Thread</Filter>
    </ClInclude>
    <ClInclude Include="Thread\RunnableThread.h">
      <Filter>Thread</Filter>
    </ClInclude>
    <ClInclude Include="Thread\ThreadManager.h">
      <Filter>Thread</Filter>
    </ClInclude>
    <ClInclude Include="HAL\WindowsCoreType.h">
      <Filter>HAL\Windows</Filter>
    </ClInclude>
    <ClInclude Include="HAL\WindowsPlatformTls.h">
      <Filter>HAL\Windows</Filter>
    </ClInclude>
    <ClInclude Include="HAL\WindowsRunableThread.h">
      <Filter>HAL\Windows</Filter>
    </ClInclude>
    <ClInclude Include="HAL\WindowsPlatformProcess.h">
      <Filter>HAL\Windows</Filter>
    </ClInclude>
    <ClInclude Include="HAL\Event.h">
      <Filter>HAL</Filter>
    </ClInclude>
    <ClInclude Include="HAL\WindowsEvent.h">
      <Filter>HAL\Windows</Filter>
    </ClInclude>
    <ClInclude Include="Misc\EventPool.h">
      <Filter>Misc</Filter>
    </ClInclude>
  </ItemGroup>
</Project>