<?xml version="1.0" encoding="utf-8"?>
<Project ToolsVersion="4.0" xmlns="http://schemas.microsoft.com/developer/msbuild/2003">
  <ItemGroup>
    <Filter Include="资源文件">
      <UniqueIdentifier>{67DA6AB6-F800-4c08-8B7A-83BB121AAD01}</UniqueIdentifier>
      <Extensions>rc;ico;cur;bmp;dlg;rc2;rct;bin;rgs;gif;jpg;jpeg;jpe;resx;tiff;tif;png;wav;mfcribbon-ms</Extensions>
    </Filter>
    <Filter Include="public">
      <UniqueIdentifier>{7d298cca-8e9a-49e9-962c-a59a301fe6de}</UniqueIdentifier>
    </Filter>
    <Filter Include="private">
      <UniqueIdentifier>{fbc255fc-8c27-4441-8882-c173b29259d6}</UniqueIdentifier>
    </Filter>
    <Filter Include="public\Thread">
      <UniqueIdentifier>{9d9459b9-369d-4a64-beb9-55f8f3a71649}</UniqueIdentifier>
    </Filter>
    <Filter Include="private\Thread">
      <UniqueIdentifier>{c2c1a701-2f63-4755-9bd3-a264f7d3eaea}</UniqueIdentifier>
    </Filter>
    <Filter Include="public\TaskGraph">
      <UniqueIdentifier>{436bc179-0f24-4f09-9cab-ebedef31c9e6}</UniqueIdentifier>
    </Filter>
    <Filter Include="private\TaskGraph">
      <UniqueIdentifier>{2d7f135a-cfa9-4717-aef5-25892759e859}</UniqueIdentifier>
    </Filter>
    <Filter Include="public\Container">
      <UniqueIdentifier>{d675a9c2-d7ad-43e8-8de8-5f946888a9c8}</UniqueIdentifier>
    </Filter>
    <Filter Include="public\Common">
      <UniqueIdentifier>{56acdec6-0fa5-4590-a7ec-44c9626a578f}</UniqueIdentifier>
    </Filter>
    <Filter Include="public\Platform">
      <UniqueIdentifier>{4b90f17d-9436-40c0-85f1-849ac1784729}</UniqueIdentifier>
    </Filter>
    <Filter Include="public\Templates">
      <UniqueIdentifier>{c610d12e-06f9-4591-9d22-02e3a4100f04}</UniqueIdentifier>
    </Filter>
    <Filter Include="private\Platform">
      <UniqueIdentifier>{438a345c-7a0f-4a60-8262-e98af173fa36}</UniqueIdentifier>
    </Filter>
  </ItemGroup>
  <ItemGroup>
    <ClCompile Include="Main.cpp" />
    <ClCompile Include="private\ThreadManager.cpp">
      <Filter>private\Thread</Filter>
    </ClCompile>
    <ClCompile Include="private\FQueuedThreadPool.cpp">
      <Filter>private\Thread</Filter>
    </ClCompile>
    <ClCompile Include="private\FEventWin.cpp">
      <Filter>private\Thread</Filter>
    </ClCompile>
    <ClCompile Include="private\WindowsPlatformProcess.cpp">
      <Filter>private\Platform</Filter>
    </ClCompile>
  </ItemGroup>
  <ItemGroup>
    <ClInclude Include="public\CriticalSection.h">
      <Filter>public\Thread</Filter>
    </ClInclude>
    <ClInclude Include="public\ThreadManager.h">
      <Filter>public\Thread</Filter>
    </ClInclude>
    <ClInclude Include="public\ScopeLock.h">
      <Filter>public\Thread</Filter>
    </ClInclude>
    <ClInclude Include="public\RunnableThread.h">
      <Filter>public\Thread</Filter>
    </ClInclude>
    <ClInclude Include="private\QueuedThread.h">
      <Filter>private\Thread</Filter>
    </ClInclude>
    <ClInclude Include="public\QueuedThreadPool.h">
      <Filter>public\Thread</Filter>
    </ClInclude>
    <ClInclude Include="public\IQueuedWork.h">
      <Filter>public\Thread</Filter>
    </ClInclude>
    <ClInclude Include="public\Event.h">
      <Filter>public\Thread</Filter>
    </ClInclude>
    <ClInclude Include="private\FEventWin.h">
      <Filter>private\Thread</Filter>
    </ClInclude>
    <ClInclude Include="public\EventPool.h">
      <Filter>public\Thread</Filter>
    </ClInclude>
    <ClInclude Include="public\ThreadSafeQueue.h">
      <Filter>public\Thread</Filter>
    </ClInclude>
    <ClInclude Include="public\TaskGraphInterface.h">
      <Filter>public\TaskGraph</Filter>
    </ClInclude>
    <ClInclude Include="public\WindowsPlatform.h">
      <Filter>public\Platform</Filter>
    </ClInclude>
    <ClInclude Include="public\Template.h">
      <Filter>public\Templates</Filter>
    </ClInclude>
    <ClInclude Include="public\ThreadSafeCounter.h">
      <Filter>public\Platform</Filter>
    </ClInclude>
    <ClInclude Include="public\WindowsPlatformAtomics.h">
      <Filter>public\Platform</Filter>
    </ClInclude>
    <ClInclude Include="public\Types.h">
      <Filter>public\Common</Filter>
    </ClInclude>
    <ClInclude Include="public\LockFreeList.h">
      <Filter>public\Container</Filter>
    </ClInclude>
    <ClInclude Include="public\AlignmentTemplates.h">
      <Filter>public\Templates</Filter>
    </ClInclude>
    <ClInclude Include="public\WindowsPlatformProcess.h">
      <Filter>public\Platform</Filter>
    </ClInclude>
  </ItemGroup>
</Project>